
Microsoft Visual Studio Solution File, Format Version 12.00
# Visual Studio Version 17
VisualStudioVersion = 17.6.33723.286
MinimumVisualStudioVersion = 10.0.40219.1
Project("{FAE04EC0-301F-11D3-BF4B-00C04F79EFBC}") = "GenericCSharpChallenge", "GenericCSharpChallenge\GenericCSharpChallenge.csproj", "{CDC6F12A-3952-433C-8656-4E2B8D176165}"
EndProject
Global
	GlobalSection(SolutionConfigurationPlatforms) = preSolution
		Debug|Any CPU = Debug|Any CPU
		Release|Any CPU = Release|Any CPU
	EndGlobalSection
	GlobalSection(ProjectConfigurationPlatforms) = postSolution
		{CDC6F12A-3952-433C-8656-4E2B8D176165}.Debug|Any CPU.ActiveCfg = Debug|Any CPU
		{CDC6F12A-3952-433C-8656-4E2B8D176165}.Debug|Any CPU.Build.0 = Debug|Any CPU
		{CDC6F12A-3952-433C-8656-4E2B8D176165}.Release|Any CPU.ActiveCfg = Release|Any CPU
		{CDC6F12A-3952-433C-8656-4E2B8D176165}.Release|Any CPU.Build.0 = Release|Any CPU
	EndGlobalSection
	GlobalSection(SolutionProperties) = preSolution
		HideSolutionNode = FALSE
	EndGlobalSection
	GlobalSection(ExtensibilityGlobals) = postSolution
		SolutionGuid = {01CC2A69-2C35-427F-A553-1D476B082C8D}
	EndGlobalSection
EndGlobal
